
Microsoft Visual Studio Solution File, Format Version 12.00
# Visual Studio Version 17
VisualStudioVersion = 17.4.33103.184
MinimumVisualStudioVersion = 10.0.40219.1
Project("{9A19103F-16F7-4668-BE54-9A1E7A4F7556}") = "NappiSite.EasyAsync", "NappiSite.EasyAsync\NappiSite.EasyAsync.csproj", "{AACA4BEF-9859-4250-B596-D4472C01BF9F}"
EndProject
Project("{9A19103F-16F7-4668-BE54-9A1E7A4F7556}") = "NappiSite.EasyAsync.Tests", "NappiSite.EasyAsync.Tests\NappiSite.EasyAsync.Tests.csproj", "{B4921420-2E51-4AFF-9A9D-299A53F6C0D0}"
EndProject
Global
	GlobalSection(SolutionConfigurationPlatforms) = preSolution
		Debug|Any CPU = Debug|Any CPU
		Release|Any CPU = Release|Any CPU
	EndGlobalSection
	GlobalSection(ProjectConfigurationPlatforms) = postSolution
		{AACA4BEF-9859-4250-B596-D4472C01BF9F}.Debug|Any CPU.ActiveCfg = Debug|Any CPU
		{AACA4BEF-9859-4250-B596-D4472C01BF9F}.Debug|Any CPU.Build.0 = Debug|Any CPU
		{AACA4BEF-9859-4250-B596-D4472C01BF9F}.Release|Any CPU.ActiveCfg = Release|Any CPU
		{AACA4BEF-9859-4250-B596-D4472C01BF9F}.Release|Any CPU.Build.0 = Release|Any CPU
		{B4921420-2E51-4AFF-9A9D-299A53F6C0D0}.Debug|Any CPU.ActiveCfg = Debug|Any CPU
		{B4921420-2E51-4AFF-9A9D-299A53F6C0D0}.Debug|Any CPU.Build.0 = Debug|Any CPU
		{B4921420-2E51-4AFF-9A9D-299A53F6C0D0}.Release|Any CPU.ActiveCfg = Release|Any CPU
		{B4921420-2E51-4AFF-9A9D-299A53F6C0D0}.Release|Any CPU.Build.0 = Release|Any CPU
	EndGlobalSection
	GlobalSection(SolutionProperties) = preSolution
		HideSolutionNode = FALSE
	EndGlobalSection
	GlobalSection(ExtensibilityGlobals) = postSolution
		SolutionGuid = {E9B0E2CB-B3AB-4F44-884D-11A574B512DF}
	EndGlobalSection
EndGlobal
